{
  "nodes": {
    "nixpkgs": {
      "locked": {
        "lastModified": 1716819864,
        "narHash": "sha256-mpmHHIruvDZIM0uUcr1ZEe3Eem4nnOLvaxjyhjJlKVI=",
        "owner": "nixos",
        "repo": "nixpkgs",
        "rev": "b98544a6c41552f4e9557a22f1673182b1f51f0d",
        "type": "github"
      },
      "original": {
        "owner": "nixos",
        "repo": "nixpkgs",
        "type": "github"
      }
    },
    "root": {
      "inputs": {
        "nixpkgs": "nixpkgs"
      }
    }
  },
  "root": "root",
  "version": 7
}
